
Microsoft Visual Studio Solution File, Format Version 12.00
# Visual Studio Version 17
VisualStudioVersion = 17.5.33627.172
MinimumVisualStudioVersion = 10.0.40219.1
Project("{FAE04EC0-301F-11D3-BF4B-00C04F79EFBC}") = "BooksLibrary", "BooksLibrary\BooksLibrary.csproj", "{86CE3FEB-ED00-408D-B0B3-77CC6FB9E637}"
EndProject
Project("{FAE04EC0-301F-11D3-BF4B-00C04F79EFBC}") = "BooksLibraryTests", "BooksLibraryTests\BooksLibraryTests.csproj", "{7F65FE5E-226D-4FB1-9406-A6B6D029189D}"
EndProject
Global
	GlobalSection(SolutionConfigurationPlatforms) = preSolution
		Debug|Any CPU = Debug|Any CPU
		Release|Any CPU = Release|Any CPU
	EndGlobalSection
	GlobalSection(ProjectConfigurationPlatforms) = postSolution
		{86CE3FEB-ED00-408D-B0B3-77CC6FB9E637}.Debug|Any CPU.ActiveCfg = Debug|Any CPU
		{86CE3FEB-ED00-408D-B0B3-77CC6FB9E637}.Debug|Any CPU.Build.0 = Debug|Any CPU
		{86CE3FEB-ED00-408D-B0B3-77CC6FB9E637}.Release|Any CPU.ActiveCfg = Release|Any CPU
		{86CE3FEB-ED00-408D-B0B3-77CC6FB9E637}.Release|Any CPU.Build.0 = Release|Any CPU
		{7F65FE5E-226D-4FB1-9406-A6B6D029189D}.Debug|Any CPU.ActiveCfg = Debug|Any CPU
		{7F65FE5E-226D-4FB1-9406-A6B6D029189D}.Debug|Any CPU.Build.0 = Debug|Any CPU
		{7F65FE5E-226D-4FB1-9406-A6B6D029189D}.Release|Any CPU.ActiveCfg = Release|Any CPU
		{7F65FE5E-226D-4FB1-9406-A6B6D029189D}.Release|Any CPU.Build.0 = Release|Any CPU
	EndGlobalSection
	GlobalSection(SolutionProperties) = preSolution
		HideSolutionNode = FALSE
	EndGlobalSection
	GlobalSection(ExtensibilityGlobals) = postSolution
		SolutionGuid = {2B229772-668F-44DB-A249-91DFAFE1BB81}
	EndGlobalSection
EndGlobal
